
Microsoft Visual Studio Solution File, Format Version 12.00
# Visual Studio Version 16
VisualStudioVersion = 16.0.29728.190
MinimumVisualStudioVersion = 10.0.40219.1
Project("{FAE04EC0-301F-11D3-BF4B-00C04F79EFBC}") = "session4-projects", "session4-projects\session4-projects.csproj", "{A938942F-C42C-412B-A7D6-99EE7B91CE04}"
EndProject
Global
	GlobalSection(SolutionConfigurationPlatforms) = preSolution
		Debug|Any CPU = Debug|Any CPU
		Release|Any CPU = Release|Any CPU
	EndGlobalSection
	GlobalSection(ProjectConfigurationPlatforms) = postSolution
		{A938942F-C42C-412B-A7D6-99EE7B91CE04}.Debug|Any CPU.ActiveCfg = Debug|Any CPU
		{A938942F-C42C-412B-A7D6-99EE7B91CE04}.Debug|Any CPU.Build.0 = Debug|Any CPU
		{A938942F-C42C-412B-A7D6-99EE7B91CE04}.Release|Any CPU.ActiveCfg = Release|Any CPU
		{A938942F-C42C-412B-A7D6-99EE7B91CE04}.Release|Any CPU.Build.0 = Release|Any CPU
	EndGlobalSection
	GlobalSection(SolutionProperties) = preSolution
		HideSolutionNode = FALSE
	EndGlobalSection
	GlobalSection(ExtensibilityGlobals) = postSolution
		SolutionGuid = {C760C150-D36B-4D4F-8B16-CC1BEA300595}
	EndGlobalSection
EndGlobal
