
Microsoft Visual Studio Solution File, Format Version 12.00
# Visual Studio Version 16
VisualStudioVersion = 16.0.29728.190
MinimumVisualStudioVersion = 10.0.40219.1
Project("{FAE04EC0-301F-11D3-BF4B-00C04F79EFBC}") = "session16-projects", "session16-projects\session16-projects.csproj", "{FD626649-F838-4548-81B5-2870C9F93D17}"
EndProject
Global
	GlobalSection(SolutionConfigurationPlatforms) = preSolution
		Debug|Any CPU = Debug|Any CPU
		Release|Any CPU = Release|Any CPU
	EndGlobalSection
	GlobalSection(ProjectConfigurationPlatforms) = postSolution
		{FD626649-F838-4548-81B5-2870C9F93D17}.Debug|Any CPU.ActiveCfg = Debug|Any CPU
		{FD626649-F838-4548-81B5-2870C9F93D17}.Debug|Any CPU.Build.0 = Debug|Any CPU
		{FD626649-F838-4548-81B5-2870C9F93D17}.Release|Any CPU.ActiveCfg = Release|Any CPU
		{FD626649-F838-4548-81B5-2870C9F93D17}.Release|Any CPU.Build.0 = Release|Any CPU
	EndGlobalSection
	GlobalSection(SolutionProperties) = preSolution
		HideSolutionNode = FALSE
	EndGlobalSection
	GlobalSection(ExtensibilityGlobals) = postSolution
		SolutionGuid = {3B5C683C-EB4A-4E2E-B88A-64FDFBE53AEF}
	EndGlobalSection
EndGlobal
