
Microsoft Visual Studio Solution File, Format Version 12.00
# Visual Studio Version 16
VisualStudioVersion = 16.0.29728.190
MinimumVisualStudioVersion = 10.0.40219.1
Project("{FAE04EC0-301F-11D3-BF4B-00C04F79EFBC}") = "Session17-projects2", "Session17-projects2\Session17-projects2.csproj", "{4827AB19-8C48-41EF-ABED-48CC60D3A5BB}"
EndProject
Global
	GlobalSection(SolutionConfigurationPlatforms) = preSolution
		Debug|Any CPU = Debug|Any CPU
		Release|Any CPU = Release|Any CPU
	EndGlobalSection
	GlobalSection(ProjectConfigurationPlatforms) = postSolution
		{4827AB19-8C48-41EF-ABED-48CC60D3A5BB}.Debug|Any CPU.ActiveCfg = Debug|Any CPU
		{4827AB19-8C48-41EF-ABED-48CC60D3A5BB}.Debug|Any CPU.Build.0 = Debug|Any CPU
		{4827AB19-8C48-41EF-ABED-48CC60D3A5BB}.Release|Any CPU.ActiveCfg = Release|Any CPU
		{4827AB19-8C48-41EF-ABED-48CC60D3A5BB}.Release|Any CPU.Build.0 = Release|Any CPU
	EndGlobalSection
	GlobalSection(SolutionProperties) = preSolution
		HideSolutionNode = FALSE
	EndGlobalSection
	GlobalSection(ExtensibilityGlobals) = postSolution
		SolutionGuid = {F4E28283-6B4D-4FF4-A5FE-958AFCE9A485}
	EndGlobalSection
EndGlobal
