
Microsoft Visual Studio Solution File, Format Version 12.00
# Visual Studio Version 16
VisualStudioVersion = 16.0.29728.190
MinimumVisualStudioVersion = 10.0.40219.1
Project("{FAE04EC0-301F-11D3-BF4B-00C04F79EFBC}") = "session3-projects", "session3-projects\session3-projects.csproj", "{BB926589-EDE5-4672-969B-AB6833941CA6}"
EndProject
Global
	GlobalSection(SolutionConfigurationPlatforms) = preSolution
		Debug|Any CPU = Debug|Any CPU
		Release|Any CPU = Release|Any CPU
	EndGlobalSection
	GlobalSection(ProjectConfigurationPlatforms) = postSolution
		{BB926589-EDE5-4672-969B-AB6833941CA6}.Debug|Any CPU.ActiveCfg = Debug|Any CPU
		{BB926589-EDE5-4672-969B-AB6833941CA6}.Debug|Any CPU.Build.0 = Debug|Any CPU
		{BB926589-EDE5-4672-969B-AB6833941CA6}.Release|Any CPU.ActiveCfg = Release|Any CPU
		{BB926589-EDE5-4672-969B-AB6833941CA6}.Release|Any CPU.Build.0 = Release|Any CPU
	EndGlobalSection
	GlobalSection(SolutionProperties) = preSolution
		HideSolutionNode = FALSE
	EndGlobalSection
	GlobalSection(ExtensibilityGlobals) = postSolution
		SolutionGuid = {C542E741-9ABD-4D5D-98F2-9C4FED6D998C}
	EndGlobalSection
EndGlobal
